# components.lock v2 — git SHA pins for the mycelium-lang umbrella
# train=v0.464.0 (course-correction Phase B, 2026-07-18; steer handoff §6.2-2 lockstep)
# archive_main=aad96b7a425710db5e91094d4fc2ca21a129e41a (the seed baseline; unchanged)
# Rust component pins: rev + content hash (git tree hash of the pinned rev) — all 45 verified
# buildable (fmt/clippy/test green standalone) at these revs. No self-pin by design (a lock
# cannot name the rev its own commit produces; the monorepo mirror records the umbrella tip).
# Phase E re-pin (2026-07-18): all 46 *-myc pins advanced to the delivered revs
# (graduated-content refresh + DELIVERY.md honesty records; per-repo myc-check results
# recorded in each DELIVERY.md — 26 CLEAN, 20 FINDINGS on Declared seed drafts, disclosed;
# tally corrected 2026-07-18 from an initial 27/19 miscount, VR-5 — per-repo DELIVERY.md
# files were always correct).
# C5 re-pin (course-correction Phase C, 2026-07-18): 43 repos advanced to the AX-core train
# (monorepo delta archive..fff42708 propagated + lockstep re-pin; cli-common + std-sys
# unchanged by design — no content and no moved deps). *-myc seed pins unchanged (Declared).
# *-myc twin pins — carried unchanged from the 2026-07-17 seed lock. Status: Declared
# (out of this session's repo scope; content delivery + verification is the Phase E/F program).
mycelium-bench=1958e0f6144c927928bc262f78b526f929c9e9bd tree=c67cfeddaf1e4386b9f1a41ae3f7ea431e1975c0
mycelium-build=bd8087cf1cee6b2755b0512a747ee04889074c43 tree=98ce8edf5430499b39fe0298e4a9921694d12705
mycelium-check=6d5f99d87157d3285d5ba53765b616136f281a4d tree=ecaefb528bb557a2eed4834d9c62642e264de789
mycelium-cli=d6af45148e48f1701c4a6ba470cae0c27c6b07fd tree=62bd74c955f11cf029e6fcff108bfa1a54fbbff5
mycelium-cli-common=c673fafdd1bcecb713e3560689af6ab152033867 tree=c6fc7df3db94db6de08a7004729b1c37a7f5fc76
mycelium-codegen=505448cbfb5553a34aca726f0d1b884981a83631 tree=4794b9466fe73027f81e0520d3fe9e8295a9b3c6
mycelium-core=46d2515cbd86d2ae4d1365f4adcd2796737e9f0b tree=84ffeb7ccf5e35a6129618688e3af507fc9e27ee
mycelium-doc=22346d3c1e4bb17b14c4275e60efb04704c22319 tree=f196962d74465984a1d0f72d712d7082df126afa
mycelium-fmt=8dcb0f8081ff8d0f1344d9b4017a52c77b599c1b tree=949e9ad0e450deb4bca28da8cd1b89259c6f4d83
mycelium-l1=2b92f54349eb0d4f67e32e983874df76908b9ab6 tree=da5985065541c574e620066103886463606abce6
mycelium-lint=2c6c86bbdd3e2c7abf9bfc0b81e7924279e9e712 tree=d5e6b2edc3d791dfe86ad41c1549d330cb81afa7
mycelium-lsp=ba86f11ef1b33bdd091e897f6549fb87058445fc tree=a96f4d403cf1cd5df7d38480ab18879669dbde69
mycelium-proj=20b8a6d264ac728e81cfe8cd90cec8d2a91370be tree=716ff4f82d8e97888d0c8902fdaeb1599c0f68ff
mycelium-runtime=487b1e7049ff521b1a6fa33f376245089e7dc1e1 tree=0f4035c9baa904edfc9122e76101b425aca3246f
mycelium-sec=17ce44cf26abffa3212a634262b48aee9618baea tree=f99bb75f2c4c62617268a8b96a01d2444e5dfe21
mycelium-spore=283f9fd901607841d5302d5935d15d873a32eef7 tree=978c061afe5f8ccd50a958838af4fcefeac8cf70
mycelium-std-cmp=e398a5d2ef981933a080736e366f49c9bfdb285c tree=54401858797d58f5cd600f7cd11ff4914bfc55f2
mycelium-std-collections=101e8d6644d6130c9ea364d6bcaf7d8974ad1aa1 tree=f3cff3e05d0a63de1594cf2311728c7404679b61
mycelium-std-conformance=5bde5f86ddce042388b45ea982e79e796168c4cf tree=014a0e176a11210b3965ff466004533519432058
mycelium-std-content=a6059bae85256fed1272f38a8cbbd2dec2e8c56c tree=84cf21322e7448da79a6a673b44b951800085e9f
mycelium-std-core=376762cc17853e1582684ececf9e760426bcfb0c tree=1198c1677c162b4b625b65f1be0e0ce15603dda2
mycelium-std-dense=632b6d4955cf34224e8c66b936286026ece21954 tree=22c8d695a748ea994b55a426bcd729c1c10cef2f
mycelium-std-diag=0ce2e431a4786ec5f974fc66e774cb0a9b77def4 tree=e1fef5a43f0f8c74ea3edd923f0b355a4a6413eb
mycelium-std-error=dece7d3b1ce12df65cfba0131d151689f1e42a5e tree=36ff3949f75dffe0f08dcb39a1621bfbca669ac1
mycelium-std-fmt=8e5af9fd4d61472248b6c31634888294d6249c6c tree=e4de7986a0d23a5f6f48af4528d4bae7cef6e246
mycelium-std-fs=c7fb6dcbce6c37567dcd244c44cd7aa2a76ac11a tree=ec9fcd524c9aa28f489d0ba6f2eb03e6a00176d1
mycelium-std-io=d2bf3d585f5d2e9d08f21df723547b7c35a26d68 tree=ee291fe5f753421e2cf457241d9c1725a15b2c88
mycelium-std-iter=736bfca8675945c6107fcf8eecb3abf0ae6183f9 tree=8d17fa73652199b1f126b881a7e99531a71f03dd
mycelium-std-math=7b0e02d96177754ef8311422abf478abc6e93e12 tree=23e84071cfdb7e0621197f59f8fcd197a6092d1c
mycelium-std-numerics=2676276b1559f0c1c0b1c0c39ad48ba6ff89d639 tree=1fda677b5f7c1423c07db675494dec515d4164a3
mycelium-std-rand=088256c5f29031e487cb7a335cbc9ff29794b58d tree=83d375d9538d71b67b92d5145c54e118ea09cd4c
mycelium-std-recover=ad8787428c0d8c1eb2bf3a8cd6504cc39bca00bf tree=dcde0c287302ee6bdb075b06e9fcea527b78be69
mycelium-std-runtime=297d69e42a468adfeb582ea425a10887674ef4cb tree=4e6cbff105625f78be33aff1665100891bc8f8ec
mycelium-std-select=a800a36061be6177ed4885707bf5d0f5e125ed73 tree=be343cd086d6bfc64f65325fc14fe6262b60e12c
mycelium-std-spore=29cbddd0a1480c6b784805bb8d7e5141497d7dc0 tree=5ebe1cddacc73b096163777f6661675eaed8435f
mycelium-std-swap=55bb071af6b428c933c17c7cd8045f8c8663e5ea tree=337b02d6f84c1e8364c4a699466ec120d5cd27b6
mycelium-std-sys=95957a5a91e42f003709d584e47783777e4a4618 tree=853d1d2609cd4ddfee92b637d6aef5e045f3eb84
mycelium-std-sys-host=fb4f3cb71e54b1bab2552060f19322007921f437 tree=b591ed35c28cacbcc29114539d13487de5fcc4fe
mycelium-std-ternary=bcc63ee0fcd9e07ae1d9cc85241e251767a6d8bf tree=de7abe2d2f7692767e404505499f623604afe40c
mycelium-std-testing=6f3a51aa61a60b508fa6a8a15cb7b12e4b736413 tree=e46c513bcb9bebc10fac2f5f449da396191cfd8b
mycelium-std-text=8ff7317e05f37294a4654f0eb2ed34124cfea34f tree=034a1d61a14b09657f62826be6fabe714f167e10
mycelium-std-time=47ef9e7ec4143c97878083ca5c15930a21eeed83 tree=7581988a079346c1a1064320d1a31823e77c2979
mycelium-std-vsa=3936b492b99ba204e9c156822f70041383a37056 tree=e473647e661d95b131d8c9a94cccbece4736078d
mycelium-transpile=4af3ed070bda31fd433d1fd632e5a2c5d881bb06 tree=779dfe11dde6c7679b7434bb256b444b73a7e66e
mycelium-value=6d230ad2023a716704c697ac6812a2062624b4eb tree=b2af0d818186337678ee967cb32e82aae6d4e613
mycelium-core-myc=28ca8a8743a96be905cb0494657081ff361004d5
mycelium-value-myc=22c349d1d18289202c6498418d0455d4793b1aab
mycelium-runtime-myc=e6119973ec8ded6345597a220b20af49246a6d59
mycelium-l1-myc=123c45f9c4ebcb797c90585bac1c224a795cbf0c
mycelium-codegen-myc=104a7cdb9f2b9372c42d0dcc5fc1b86c5ef65b15
mycelium-std-core-myc=0b5a8ad46efd3f79d2546c1de4a776e5f3181e7b
mycelium-std-error-myc=1a833fef0caf14f75ac45d797c3843df0da87a91
mycelium-std-ternary-myc=494ca210ff5d72325964fe598fab4b25c362afa7
mycelium-std-content-myc=a764f5aac5c6194d839b5c8b8b796c54daab6654
mycelium-std-dense-myc=ba3d4627bb85d9e047e61891f5c1f28d31fb8968
mycelium-std-select-myc=ac776eefce5e8de3882dc172c09a80af108c78d1
mycelium-std-vsa-myc=abae4e97704e141197edf258e035b8daed081ebb
mycelium-std-swap-myc=de961320747cdb4dacbce06565932805d9140cef
mycelium-std-collections-myc=8d12c3fc6138afe31461a2dc2f874592edb5ce52
mycelium-std-cmp-myc=09ba84a28d04404f9fd44fc5ad778f7df7b502f1
mycelium-std-iter-myc=da21ced5672b8fb15d2ba3ee18c76e27b73e1b37
mycelium-std-math-myc=9e6741057dc6857fd275b4b174eb47b48ec0ee7a
mycelium-std-numerics-myc=281163b4e600aa5aa6c43d304367d2529f61af47
mycelium-std-text-myc=a1e5a1ef16910831fb85b7b218cd63423eae8a54
mycelium-std-fmt-myc=e731978cd3829f8ba335f3d1911632b978da5da3
mycelium-std-diag-myc=ffdfabd2b3a0ca576d5137cda70b3bf8c1883ac5
mycelium-std-recover-myc=d53af1a381b6bc5a6a661980970f152fc1350bdb
mycelium-std-spore-myc=b3869f6e3ff09b545498ed9f31f8e4d4dc290791
mycelium-std-runtime-myc=eeeb2a76584ece93b3e8d3cc4970557a8eb2e4f7
mycelium-std-testing-myc=37734631ae9157b2f05a7ef088a37dd458cf2404
mycelium-std-io-myc=7b61a536f0d9fe64cc2afee9468ea28a1d4c2fc7
mycelium-std-fs-myc=bea9cd10a1b771d174dc75b1c020bad3426f67da
mycelium-std-time-myc=a7d73be8704dc03639d7e4c73236fefca2da9a5d
mycelium-std-rand-myc=9b2f45c4d92e98df6c7d6cdee3082842daa8c72f
mycelium-std-sys-myc=a84a9c468aa165e0031309ec32c82750083a4775
mycelium-std-sys-host-myc=0a4d0f8aab442b3dfa13a8fb88c0c2d50d38095b
mycelium-std-conformance-myc=61760bebe338277f36b369fd5cd8dc3a7c8510df
mycelium-cli-common-myc=e74c0c1ab1c13906c079ef422638668e17022c1a
mycelium-proj-myc=b9b8737101d77f1561e30ba74f73d524b8533377
mycelium-spore-myc=53702198f8603f286d3e4f9b3e7eca6c274354a8
mycelium-build-myc=2aa2f39bf023f7943266960fc2716dfcf65eefeb
mycelium-check-myc=874f180e752ddb7a8b665265989d13cec8101c36
mycelium-fmt-myc=6553e3494156371d29fb8abc2fd7ef6e5ae00737
mycelium-lint-myc=65222d2e8ef09978b5b366dda17573b5c7b91b46
mycelium-doc-myc=c4c77a0a87a81c336519bacc2df83f741fe60676
mycelium-lsp-myc=11a3b6317f7722163fe6105abe68a8c4110f0713
mycelium-cli-myc=f0e7f0e76d68a11c754434070a3afa13514b4c23
mycelium-sec-myc=b4bc17a4a1b8cf07468a5ab89c88606c11151049
mycelium-transpile-myc=ec2fddbb38afbfabac197baed4f0c1e11e8e4da6
mycelium-bench-myc=9ccdd62f2fb7f216ebdc9e867c297236ff4507b1
mycelium-compiler-myc=f0d7c9659e74161482dd2aeacdd45eaae60cbdf4
