# components.lock v2 — git SHA pins for the mycelium-lang umbrella (Rust train)
# 2026-08-01: WP-2 measured re-pin — all 46 Rust pins advanced to default-branch HEAD after S-HOST-REGISTRY runtime#13 fan-out + WP-1 docs/CI merges.
# 2026-08-01: re-pin after runtime#13 S-HOST-REGISTRY primary wild: dispatch + host/cli/net tips.
# 2026-08-01: re-pin after A1 merge train: runtime#12 + runtime#6 + cli#9 + std-net#1.
# 2026-08-01: re-pin mycelium-cli main (process FLOOR_OPS + main interp/host pins).
# 2026-08-01: re-pin mycelium-std-sys-host → process_spawn/wait/kill install (#8).
# 2026-08-01 train/gap-closure: targeted re-pin of Tier-0 host-effect set +
# std-io codecs (WP-4 + WP-5 L-IO). Full 45-pin MODE=check+test draw-in still
# required before restating the umbrella buildable guarantee for all pins.
# train=v0.464.0 (course-correction Phase B, 2026-07-18; steer handoff §6.2-2 lockstep)
# archive_main=aad96b7a425710db5e91094d4fc2ca21a129e41a (the seed baseline; unchanged)
# Rust component pins: rev + content hash (git tree hash of the pinned rev) — all 46 listed
# buildable (fmt/clippy/test green standalone) at these revs. No self-pin by design.
# 2026-07-23: that claim was previously ASPIRATIONAL, not measured. The first full-scope draw-in
# (all 46 pins, MODE=check+test, FAIL_FAST=0) returned ok=44 fail=1: mycelium-fmt's conformance
# test resolved fixtures through a monorepo-era sibling path (../mycelium-proj/tests/fixtures), so
# it passed only where a sibling checkout happened to exist and could never pass standalone. The
# red `ci` run on main caught it at a 9-pin PIN_LIMIT slice. Fixed in mycelium-fmt#5 and re-pinned
# below; the claim is now measured rather than asserted — 44 verified at these revs in that sweep,
# mycelium-fmt verified at its new rev. Keep it that way: re-run the full sweep before editing
# this header, and do not restate the guarantee for pins the gate has not actually exercised.
# Dual-umbrella split (2026-07-21): *-myc pins moved to tzervas/mycelium-lang-myc.
# C5 re-pin (course-correction Phase C, 2026-07-18): 43 repos advanced to the AX-core train
# (monorepo delta archive..fff42708 propagated + lockstep re-pin; cli-common + std-sys
# unchanged by design — no content and no moved deps).
mycelium-bench=23eb585feb5be8ccaa2a96b65db4ae0726a57236 tree=d9ae5cb6584a0eac5a186386c292029f0e5cdb5d
mycelium-build=8026b71905151e55916413cb0d0e435351be3d30 tree=20645da00af27b9265bff1d3af0e816564212172
mycelium-check=00cc8e9c993bd4b89543981e47314d6d137a2f05 tree=82294260e545855335c88d70838d3c429f973b1f
mycelium-cli=0a3e4fb822760a09446ed716af8fe0097773480d tree=0d2b94034678f73d64b02303c70a55781ce14c03
mycelium-cli-common=13c4ae25357c45468731fc32a9ecbc946a9aac52 tree=bf0212778fe192e92a1697d6498a2a5590e6c8f7
mycelium-codegen=5458549e682749e4558717623217230cdc633290 tree=33f4910bfb4fbce3f7177528fb964c676a29a8f1
mycelium-core=3958d2ea3c3921611e33f1f00e3469b29a939a76 tree=40c7a435a80ae40e7891dd0751442a6ccd6e29af
mycelium-doc=f706faf95b76abb016e6ad90f67bd4b58c3bae76 tree=35231ba30cffb99c25bd1779923c08a8c10c9ec9
mycelium-fmt=44efd8eb08297e83220fad45b4539a4a86d63a8f tree=f9ac26aa32335949cd1cfbaa864de131692eebe5
mycelium-l1=31f7aaa956cca0e1c7a894eeaff4d10d58b5b2b8 tree=a4e5838def2e49f8619f9cb6f5804f620da95002
mycelium-lint=8dab373364a18d6d9a2f73955fafcbbaa6d57136 tree=e76f6d3db3171d8aa33670b96cfac9866af90678
mycelium-lsp=f60a7ce3261cda4721a5abd52d8e9551534470a6 tree=9bcf3e00dd31aea08adf6e58a0c92eb736d29489
mycelium-proj=b52884e495d3d89debb241d422b8698bf4bcc3fc tree=de584d71af99761efb883bba71c1b82a4c2d15d3
mycelium-runtime=04bebbc887792f6c2ed2289880f078e7368e845a tree=12ba993aef514b9362f632c3bae1655fc98efc54
mycelium-sec=fa990f610139395c2e67c4e9cd30d57d62c923dc tree=70209b4c340ffcb492509fdc5ca335536a0a6211
mycelium-spore=69e8cdabd346f9a21e317a8436e3ecfd54b15b37 tree=bac5652eccffeb4f308664609bbc665b502e108f
mycelium-std-cmp=fe9f46fc45e011ad646d6c41f95ac0eb6d307547 tree=d6f30d534d0e0d55a1a34f39429b43b7c5f14fbe
mycelium-std-collections=18f4944da2eafd6735035ede6b318ba1aaf95b0c tree=c12459ea0f05f18c876374fbbdbefe1c2b4e26f9
mycelium-std-conformance=94670bbbcebcb8ffafcfe4df234cc7b8ba400078 tree=c78ebcca50514e3509e2dfd87e836c3277387123
mycelium-std-content=49e136823fe9b952eef93b1f4d9a06685ca03a7e tree=87b28834edddb89ce70d08443034ea43f1b885f0
mycelium-std-core=e732b728f1d7ecb83545c30d51212856f266ebbe tree=c6f58ae1f23490039b9592ab0818deda2538f4b7
mycelium-std-dense=b6790d2fec491f4a3374a2674a1f4ef50d2f6d30 tree=21e35865fdc9d8996743f9a387fbff1a44a289f1
mycelium-std-diag=71c151f88b8b616595f2750d78ec8ddb6c3a0167 tree=5003a21f47e2f6d1dcbfc8829d08e8f1dd56c25b
mycelium-std-error=9863388015c3c84bbd0eb9f07d62d6c52ebb6b0f tree=44dd8be289e05cb9e907fbec3b30f56d1f762b88
mycelium-std-fmt=d616108baa270e513e68be243a66101591000258 tree=f943f0333619c48997700fb59357c00b4b804d11
mycelium-std-fs=bf170aa930e1c05d10e9bf4efa3b8757225cca84 tree=2421d4be58d5d6bd3dc6a647173989de496c8bb5
mycelium-std-io=c5ec9b9b808c03c295a277a0719ba8416b0ddc5b tree=928a237d3125f2d0fb6381dbe7bbfa5bdb50d8a6
mycelium-std-iter=f1ba50986c4ab32642b067673c609ec1057eff3f tree=d01f7a124fd24e9c11ec4dc922f77db14c191707
mycelium-std-math=dcc2c1e4975effe80d55cc744f5e324352ee738c tree=b6817ca700d9c35b4ee19637c048f10dcc15e6ef
mycelium-std-net=c452977c996b61ca1a811e7662d360500cf77d4b tree=458dc93c0dea4962f5b249018477e70d4348b73f
mycelium-std-numerics=170cbdc72221b59e882d41ff4e27063772933f24 tree=184f0ba66a3ac31bf8b3637de68f4ee8b7c9f9dc
mycelium-std-rand=1fe8408720f87fef6c77229f7a8eb2cd7d837648 tree=5d8f697b26bfa57a1cd1f283cc310a843ab2714e
mycelium-std-recover=31bb47e8ded88517b815c4d04814d6e88cac3edf tree=fb93b85acc8c1e9774aed9cb006025a665e38941
mycelium-std-runtime=e43a1298b5caa90023b0f531974bc7cf9d1e8c18 tree=3c74b3e6822bd25acd01c80937efcd317d4ef2db
mycelium-std-select=a8c984fca1e1146df5cb2a6a796d6af33b1ee8ab tree=505549e48f29707f019291dae94431eb0ecd6a83
mycelium-std-spore=fb867c7a30519973703772d323ccfc5aead847fc tree=be2bda64ea316a6a25f841e55346febf61164cab
mycelium-std-swap=9263822b0c78bc85aa8ea5dc587b9036edacc776 tree=2d0f3f07d26844dddf7e96d33ab3e2e96b8965bb
mycelium-std-sys=bd38b8a903f464871118766e85da97dcb780f3b0 tree=4bfdfb45ce2090683c32021a037207cf93333224
mycelium-std-sys-host=50b96a8edc487fede1ef38a1fc5aa64125024702 tree=c110a32a0243c698541c57b0dbcdb01a33e1aa2b
mycelium-std-ternary=db0eb5f3b7955d0895342780021dff76c6a6ef5d tree=93d0b708c3dae3c80a1bcbd13e7a9a61932cc2d9
mycelium-std-testing=37e778ab1bf28cddd4e3a57461cc4a556c1f4338 tree=18b62585667b13c10d9185ee5713061b39ceb791
mycelium-std-text=0e9457a5850d4473d210f3dcf2c410f746d14be6 tree=1af8153e321a532420829d4da73bc0c980b0a98b
mycelium-std-time=27252b75ec8dbf34d3f7ab01eeb61c8756ee4216 tree=4cad81e68df334baab91ffebf2ae85725a8c555d
mycelium-std-vsa=052c9482e58da3b2d850ab96ff9e06e12c547c9e tree=cf26e7f3f15b5083a859ce883f4c3e7ab1e9dc53
mycelium-transpile=ec73228f1b674f32d3adcd82e819e506e294d1ce tree=e7cd36a3583b3f50fbd5b18c8beb4ac21df48c0d
mycelium-value=85abb7c11abc7324596800bd9968c33caf25ed53 tree=05a9c1dee9fc24721c2d94b15e0c696f382de040
