# components.lock v2 — git SHA pins for the mycelium-lang umbrella
# train=v0.464.0 (course-correction Phase B, 2026-07-18; steer handoff §6.2-2 lockstep)
# archive_main=aad96b7a425710db5e91094d4fc2ca21a129e41a (the seed baseline; unchanged)
# Rust component pins: rev + content hash (git tree hash of the pinned rev) — all 45 verified
# buildable (fmt/clippy/test green standalone) at these revs. No self-pin by design (a lock
# cannot name the rev its own commit produces; the monorepo mirror records the umbrella tip).

mycelium-bench=e9d598d688d75c7ad29076abb5032f2929facc52 tree=f77ec542152e80d8148044740d8a405777a577d9
mycelium-build=1f2d5a0550593c1a83b05fe0f6fb9619fdbb05b9 tree=6b3ab9a4b016f4144f645cd2dc698bb2fadc2a88
mycelium-check=ba02fae8cb09249e09e389890261f236ccf22418 tree=4ce6f6d9d318981cba8a9b0d96e3db68c610ec78
mycelium-cli=f55871559277ec0167da3575550fc9f9444ada84 tree=36b99f6ad0eda4d7797e9af520d5d60209d4d4bd
mycelium-cli-common=c673fafdd1bcecb713e3560689af6ab152033867 tree=c6fc7df3db94db6de08a7004729b1c37a7f5fc76
mycelium-codegen=f144d635e970257aee5b618f8cdfaa736e2c391d tree=6e481c31328d769e79c275f671aaaf8e02ef34e7
mycelium-core=781d3fcceba82acfe6b0eb46650513bd78a2416b tree=14cebec2b395ac2d242292f5fcb093768162f246
mycelium-doc=85c48010fb054dc80d8a86a854564c7cab5f7942 tree=1b772071e26231ce9f89186bb9ec71a56075e218
mycelium-fmt=df3b61214cb1811216c1c20642d7b6239a6bd5a9 tree=57fe6955f341801255c46d7e0d6d43b19b25d40d
mycelium-l1=cd32a1ed7ab7d2be38c9c3047da7318d182b7a1c tree=73e6efccc0e05cdbbe90b5fa091535945b451d81
mycelium-lint=0b8591a274501e127b41bf333684bc0dabf8e708 tree=48dd2033d7d344b6b10b08a8fc6bd1839d911493
mycelium-lsp=7a3cfad66a3cd8a9002d885b70fd5291e6919723 tree=2944fa26aefb155bcc3bc96678a39fb98baa2e8a
mycelium-proj=cfc934b32c0b7b57becbb7ddfe3c516712c6ec0e tree=0e97f7a7d99b7f50484cfcbd749d007a1cd9d678
mycelium-runtime=ab9cee665b620ed80ab74ea61ea639817dc49077 tree=484b8af4dd7770c33d1480d27bb16d6767919e6d
mycelium-sec=ae16770df9bf2f915b90b0520b085c502ba0214e tree=07aa47790c9fa9cd56318a2d75c979a1bfeb78bc
mycelium-spore=12f117d395545ee89ba144eb858de11f0b36ab16 tree=5041b6aa11f00f9f396618badb060bbd7d984287
mycelium-std-cmp=745407cf511af4dc46f8e5eee51eaaa06eaadac1 tree=5acb6ae6b601285dff3a245806b0befef2667142
mycelium-std-collections=5124d2e2cec70dfc2117da5b0848a575de6d2d57 tree=6260e2f8d51ac01f26ac4961b680b87a857fc050
mycelium-std-conformance=d4e72d9f43b744599f3702f0ec46b7fd6f7dfb8d tree=912b399ac9daa494efdb46897403aed3136957b9
mycelium-std-content=792eb7fe476ebf50bae1d8a20e3a7fba83a16d8b tree=658361b2c7ba22ea377c21e7acd9ed12d453d836
mycelium-std-core=580b64316774e22f0b7d5d495ca1d9b9d6536a60 tree=e1bad68a6374062b5187b5ad4e8cbdffd39de762
mycelium-std-dense=56e3a0e58d03920b718a34fcc8ad3ff8836f3dc4 tree=47fa4246345ad6808a94e4060039efb18e06523a
mycelium-std-diag=b964be31c657a81e6b2197c8ba7ede1f01ac2cd3 tree=4f38a2c0b3afaa944e5fed7f19b55f373d9dff53
mycelium-std-error=42ae6b191bf92601aa8a5cceba26a2035d6f5542 tree=4d8ce5997703fe270e49dcfa3143a2bc336bcf33
mycelium-std-fmt=d4b9f0c724bcf8ac3613149b90849e092a42becb tree=2cc0bd96ef5b085b26933225b9bfea22e405fbc9
mycelium-std-fs=819268671631652db0549545a16e19ba4dde6c1a tree=d7096123c366fb5357b381921869d36fc0c66d24
mycelium-std-io=b5ffc4bcc949cb40b4eb5d96fa236c95d3e23c9c tree=e056efb5b76fe2cf5abb017a7e05850a3aad4302
mycelium-std-iter=d4b77736023ede88f759adac1d8fa591662dbb38 tree=194d4f27fc04a431d5a754adbee5fd07b82eabf7
mycelium-std-math=1e7db04a2e0ce79b67ea36fa1ecd67865a75c807 tree=587fbb2caf295bf7689b09fa5207ba0a284ecee5
mycelium-std-numerics=cdfb2cdef08818091d47ec99f592947c1ccc4085 tree=4a94b321c595b85de94e736d047c0af50576cf03
mycelium-std-rand=093d40ca7a90224de2c2aab0d0fb0fd3717809b5 tree=800cb00363dce2914dffff35b86dc5cb9824ecfe
mycelium-std-recover=cc89777915a31e9ce9e8676a978a185eed467590 tree=6b6c5e5652563571ddc1fe632a2ad3e6ab748fa2
mycelium-std-runtime=b1770c4f8f8e00d948eb33b35b714378a13a7148 tree=ddfcf2b6e7cc84843afccbe2b29484821c65ccf3
mycelium-std-select=a082e7ff280c8ed1fcfc3e0d57e7020d39a17257 tree=ed795dd0310bd1161a23fee14053b39e84651cff
mycelium-std-spore=153581f234ddf2643ab2fb4e329086b4e128fc44 tree=8ff095e8f612a3038e994c7f2be8d9ca37d950bb
mycelium-std-swap=af04ae6ce366b883c8c56d266d19342f447c3ac3 tree=c74165f3a8c3c8847971b12bcfb6f7655004cbad
mycelium-std-sys=95957a5a91e42f003709d584e47783777e4a4618 tree=853d1d2609cd4ddfee92b637d6aef5e045f3eb84
mycelium-std-sys-host=a61dfa430393e8346e283a6fd716c53c5ca20468 tree=7372d21930baa46e3be30d042d94bdb40db97eb6
mycelium-std-ternary=523ce084d85e2f84aef3b645c36bde4df9ec613c tree=b77082af0eb9896239477b73ac6bcd12b52176f9
mycelium-std-testing=b67755101f65071b81ad965896406107a88e370c tree=6b0ae7f84219974668f61d09db155dc70afc8545
mycelium-std-text=f36cf5aff0010dbce18cb69b544112e7c462b748 tree=72a13bb6c080f9055393bc7ebdf9954d3b8be7de
mycelium-std-time=fedd18411bf33cc2cd2b0d7ba41e1259719d23c0 tree=6e32f450d0d2797995e0f534491974a5b524555a
mycelium-std-vsa=514798245c507d515c3a53ea1ec4152b409e821d tree=a14f50d560968cab845a74810f4e4c9c9f086e4a
mycelium-transpile=275a9342ce3c877ae9e1f58045994634bcb99f8a tree=55e9cea86c578804230d3ba7fa6e470647b879c2
mycelium-value=fce92daed05e9f10202c202648ec43fb0a6991d7 tree=23d3a9759bdb60b781f3fccfe84f884a712ee08c

# *-myc twin pins — carried unchanged from the 2026-07-17 seed lock. Status: Declared
# (out of this session's repo scope; content delivery + verification is the Phase E/F program).

mycelium-core-myc=ee2f41c3aeb975f6d623bcae1ea45b2347523522
mycelium-value-myc=328e2b6bc7f6ba663d8b8a7a452a8991ffb3e19e
mycelium-runtime-myc=dddec616cec357ba4d8d475db42debfefe0a359d
mycelium-l1-myc=dab9a6857b12a8945f7f1b004e7e5f27574a170b
mycelium-codegen-myc=c2b29ae90154061b949790e7405bfd47b3cbc070
mycelium-std-core-myc=38ef10a415b880da75925095e6bfbe62dd7d58aa
mycelium-std-error-myc=27dd0d9d51a537fc37be0e09f436242466b20672
mycelium-std-ternary-myc=a1bf747abce621c9bdcd14867db09c96bbb6b869
mycelium-std-content-myc=6bee740545ab27f81f20491d243401dbeea1944b
mycelium-std-dense-myc=3c2884dab31f7960b01130a5663be3a1a1233744
mycelium-std-select-myc=fb2388c2d52a08417f2501cc26e9c6475d342c47
mycelium-std-vsa-myc=bb96b8053193049c4e60f4569e28a3408bcb9f66
mycelium-std-swap-myc=a23f8aad6c2a32fb39c481fe6aa2811aa2c4230f
mycelium-std-collections-myc=3ce67e7dea3310f0c2fc70bfde55d53e0fe52d29
mycelium-std-cmp-myc=3309f6803eb2f0114813894f5edbac2c2dc550cf
mycelium-std-iter-myc=82aaee2d270179a9b94cd3f2226fe97bf3ee22ff
mycelium-std-math-myc=fc64b9aacb0d5fb25c26e2abdb72dc83cc355dd2
mycelium-std-numerics-myc=d038a0ebdf5c7228933ea495d587858e66f8475b
mycelium-std-text-myc=580a11485471f55b08c375a3257579390f541530
mycelium-std-fmt-myc=9201c2a5ef9168004e9174da79e8285765e66b5b
mycelium-std-diag-myc=95bc87819f940c9ec13816c05f67c06ba80d2381
mycelium-std-recover-myc=4683276fe225d501f049d15f16ef44b504c33a51
mycelium-std-spore-myc=65dc6920f5a47a2ab3c47f449b7247db3fdd6db5
mycelium-std-runtime-myc=a0f80cfb34e8854632f5df08a47ba8034a31cd02
mycelium-std-testing-myc=1e1bac6dea6b9adac8dd2a23acfdef6b4b45c51d
mycelium-std-io-myc=93d888bcf58f208739dd1565751b64840c92d3b9
mycelium-std-fs-myc=0e0b8d00be1b280085ea90a6d7108d4f79a6d4d7
mycelium-std-time-myc=a254dea664541b8ae57d71a483062094d35704ca
mycelium-std-rand-myc=f37753e9aff7acc0f526d3098bc53ed003517bd2
mycelium-std-sys-myc=d71ed00bb6a745f75e7db5ef86c277e144d5208d
mycelium-std-sys-host-myc=2402d705ba7e3ce40f829c892723cfbf20d09a3b
mycelium-std-conformance-myc=55ce2d9cefc78a528d0827dd7cd36e5331dd06a4
mycelium-cli-common-myc=e0c5960ecf698c379e8f5fdabb15dd99ea63e119
mycelium-proj-myc=d0f44bbd1c81ae30424bc141906b561061823386
mycelium-spore-myc=ffa0b310ee1188e0a12e171464d0fd0d4a37a0c5
mycelium-build-myc=ed3fd814497dd213fe81b031cb8977051636c2b2
mycelium-check-myc=3c9ae50026dfb6e74042869e76fca6c6dc4c81c5
mycelium-fmt-myc=36ae02357c6ffa3fcefd21941d1297d5c82b4d0e
mycelium-lint-myc=c8ee7b150599fb6613857dde40cfa5e07348ce62
mycelium-doc-myc=a07f94b10b8b589bae4ce4cdf98a76976ae1cbf0
mycelium-lsp-myc=aae0d4cecc4766ce60bd923ef67d90813da1862a
mycelium-cli-myc=40c16bd0fb3d1449a0f677c9aadbe0c9c72c31f1
mycelium-sec-myc=7814f0431865fd00119f1d69dc7dde231a5c10cf
mycelium-transpile-myc=93fb742d17b8bbda508c3856b97cf5c841e659ef
mycelium-bench-myc=acea3a9cea614343e6af1bb79c73c2be2be06165
mycelium-compiler-myc=c6cdfd1220b7befe2f8c1bf2985eb1c1e6142ac2
